
Microsoft Visual Studio Solution File, Format Version 12.00
# Visual Studio Version 17
VisualStudioVersion = 17.11.35312.102
MinimumVisualStudioVersion = 10.0.40219.1
Project("{FAE04EC0-301F-11D3-BF4B-00C04F79EFBC}") = "GeoMap", "GeoMap.csproj", "{7EABCC11-6F89-438F-9346-66A5DE8E5EFD}"
EndProject
Global
	GlobalSection(SolutionConfigurationPlatforms) = preSolution
		Debug|Any CPU = Debug|Any CPU
		Release|Any CPU = Release|Any CPU
	EndGlobalSection
	GlobalSection(ProjectConfigurationPlatforms) = postSolution
		{7EABCC11-6F89-438F-9346-66A5DE8E5EFD}.Debug|Any CPU.ActiveCfg = Debug|Any CPU
		{7EABCC11-6F89-438F-9346-66A5DE8E5EFD}.Debug|Any CPU.Build.0 = Debug|Any CPU
		{7EABCC11-6F89-438F-9346-66A5DE8E5EFD}.Release|Any CPU.ActiveCfg = Release|Any CPU
		{7EABCC11-6F89-438F-9346-66A5DE8E5EFD}.Release|Any CPU.Build.0 = Release|Any CPU
	EndGlobalSection
	GlobalSection(SolutionProperties) = preSolution
		HideSolutionNode = FALSE
	EndGlobalSection
	GlobalSection(ExtensibilityGlobals) = postSolution
		SolutionGuid = {6ADE01B6-969D-413B-B5B6-9751B15E4782}
	EndGlobalSection
EndGlobal
